
Microsoft Visual Studio Solution File, Format Version 11.00
# Visual Studio 2010
Project("{FAE04EC0-301F-11D3-BF4B-00C04F79EFBC}") = "Twedge", "Twedge\Twedge.csproj", "{1C3187E6-EB3E-4C0A-99EC-E6DA09226320}"
EndProject
Project("{FAE04EC0-301F-11D3-BF4B-00C04F79EFBC}") = "Twedge.Web", "Twedge.Web\Twedge.Web.csproj", "{B123F2E2-AA1F-4F0C-A07C-2FEA91172BA4}"
EndProject
Global
	GlobalSection(SubversionScc) = preSolution
		Svn-Managed = True
		Manager = AnkhSVN - Subversion Support for Visual Studio
	EndGlobalSection
	GlobalSection(SolutionConfigurationPlatforms) = preSolution
		Debug|Any CPU = Debug|Any CPU
		Release|Any CPU = Release|Any CPU
	EndGlobalSection
	GlobalSection(ProjectConfigurationPlatforms) = postSolution
		{1C3187E6-EB3E-4C0A-99EC-E6DA09226320}.Debug|Any CPU.ActiveCfg = Debug|Any CPU
		{1C3187E6-EB3E-4C0A-99EC-E6DA09226320}.Debug|Any CPU.Build.0 = Debug|Any CPU
		{1C3187E6-EB3E-4C0A-99EC-E6DA09226320}.Release|Any CPU.ActiveCfg = Release|Any CPU
		{1C3187E6-EB3E-4C0A-99EC-E6DA09226320}.Release|Any CPU.Build.0 = Release|Any CPU
		{B123F2E2-AA1F-4F0C-A07C-2FEA91172BA4}.Debug|Any CPU.ActiveCfg = Debug|Any CPU
		{B123F2E2-AA1F-4F0C-A07C-2FEA91172BA4}.Debug|Any CPU.Build.0 = Debug|Any CPU
		{B123F2E2-AA1F-4F0C-A07C-2FEA91172BA4}.Release|Any CPU.ActiveCfg = Release|Any CPU
		{B123F2E2-AA1F-4F0C-A07C-2FEA91172BA4}.Release|Any CPU.Build.0 = Release|Any CPU
	EndGlobalSection
	GlobalSection(SolutionProperties) = preSolution
		HideSolutionNode = FALSE
	EndGlobalSection
EndGlobal
